
Microsoft Visual Studio Solution File, Format Version 12.00
# Visual Studio Version 17
VisualStudioVersion = 17.2.32630.192
MinimumVisualStudioVersion = 10.0.40219.1
Project("{FAE04EC0-301F-11D3-BF4B-00C04F79EFBC}") = "EmpCore", "EmpCore\EmpCore.csproj", "{44E12E6A-31F7-47D9-9B88-3B7CE0A0A061}"
EndProject
Project("{FAE04EC0-301F-11D3-BF4B-00C04F79EFBC}") = "EmpUI", "EmployeeManager\EmpUI.csproj", "{651B0187-C154-4241-A61C-747D1EB8F34A}"
EndProject
Global
	GlobalSection(SolutionConfigurationPlatforms) = preSolution
		Debug|Any CPU = Debug|Any CPU
		Release|Any CPU = Release|Any CPU
	EndGlobalSection
	GlobalSection(ProjectConfigurationPlatforms) = postSolution
		{44E12E6A-31F7-47D9-9B88-3B7CE0A0A061}.Debug|Any CPU.ActiveCfg = Debug|Any CPU
		{44E12E6A-31F7-47D9-9B88-3B7CE0A0A061}.Debug|Any CPU.Build.0 = Debug|Any CPU
		{44E12E6A-31F7-47D9-9B88-3B7CE0A0A061}.Release|Any CPU.ActiveCfg = Release|Any CPU
		{44E12E6A-31F7-47D9-9B88-3B7CE0A0A061}.Release|Any CPU.Build.0 = Release|Any CPU
		{651B0187-C154-4241-A61C-747D1EB8F34A}.Debug|Any CPU.ActiveCfg = Debug|Any CPU
		{651B0187-C154-4241-A61C-747D1EB8F34A}.Debug|Any CPU.Build.0 = Debug|Any CPU
		{651B0187-C154-4241-A61C-747D1EB8F34A}.Release|Any CPU.ActiveCfg = Release|Any CPU
		{651B0187-C154-4241-A61C-747D1EB8F34A}.Release|Any CPU.Build.0 = Release|Any CPU
	EndGlobalSection
	GlobalSection(SolutionProperties) = preSolution
		HideSolutionNode = FALSE
	EndGlobalSection
	GlobalSection(ExtensibilityGlobals) = postSolution
		SolutionGuid = {A3A449E9-54CE-459A-8B24-8B70AFD98952}
	EndGlobalSection
EndGlobal
